
Microsoft Visual Studio Solution File, Format Version 9.00
# Visual C++ Express 2005
Project("{8BC9CEB8-8B4A-11D0-8D11-00A0C91BC942}") = "libxrb", "lib\libxrb.vcproj", "{9F396BE0-4AC7-4E0A-8906-4329D96F87E4}"
EndProject
Project("{8BC9CEB8-8B4A-11D0-8D11-00A0C91BC942}") = "disasteroids", "app\example\disasteroids\disasteroids.vcproj", "{EE114D09-4311-48E9-8A6F-582D65E6B2AD}"
	ProjectSection(ProjectDependencies) = postProject
		{9F396BE0-4AC7-4E0A-8906-4329D96F87E4} = {9F396BE0-4AC7-4E0A-8906-4329D96F87E4}
	EndProjectSection
EndProject
Project("{8BC9CEB8-8B4A-11D0-8D11-00A0C91BC942}") = "lesson00", "app\example\lesson\lesson00\lesson00.vcproj", "{58AD120B-A255-441B-B50C-BB2442A73AE8}"
	ProjectSection(ProjectDependencies) = postProject
		{9F396BE0-4AC7-4E0A-8906-4329D96F87E4} = {9F396BE0-4AC7-4E0A-8906-4329D96F87E4}
	EndProjectSection
EndProject
Project("{8BC9CEB8-8B4A-11D0-8D11-00A0C91BC942}") = "lesson01", "app\example\lesson\lesson01\lesson01.vcproj", "{36DC55FA-CFF3-45B1-A24B-5D767F97042E}"
	ProjectSection(ProjectDependencies) = postProject
		{9F396BE0-4AC7-4E0A-8906-4329D96F87E4} = {9F396BE0-4AC7-4E0A-8906-4329D96F87E4}
	EndProjectSection
EndProject
Project("{8BC9CEB8-8B4A-11D0-8D11-00A0C91BC942}") = "lesson02", "app\example\lesson\lesson02\lesson02.vcproj", "{7BCADE66-2E9C-48D2-81F1-CE068855DD8C}"
	ProjectSection(ProjectDependencies) = postProject
		{9F396BE0-4AC7-4E0A-8906-4329D96F87E4} = {9F396BE0-4AC7-4E0A-8906-4329D96F87E4}
	EndProjectSection
EndProject
Project("{8BC9CEB8-8B4A-11D0-8D11-00A0C91BC942}") = "lesson03", "app\example\lesson\lesson03\lesson03.vcproj", "{1BB62F75-20DF-4B90-9149-0D535B387B2C}"
	ProjectSection(ProjectDependencies) = postProject
		{9F396BE0-4AC7-4E0A-8906-4329D96F87E4} = {9F396BE0-4AC7-4E0A-8906-4329D96F87E4}
	EndProjectSection
EndProject
Project("{8BC9CEB8-8B4A-11D0-8D11-00A0C91BC942}") = "lesson04", "app\example\lesson\lesson04\lesson04.vcproj", "{FF41C269-499A-4C9A-80D3-C541882D8BE7}"
	ProjectSection(ProjectDependencies) = postProject
		{9F396BE0-4AC7-4E0A-8906-4329D96F87E4} = {9F396BE0-4AC7-4E0A-8906-4329D96F87E4}
	EndProjectSection
EndProject
Project("{8BC9CEB8-8B4A-11D0-8D11-00A0C91BC942}") = "lesson05", "app\example\lesson\lesson05\lesson05.vcproj", "{0D2D5B45-33FA-4A80-81B3-DDE14354EA16}"
	ProjectSection(ProjectDependencies) = postProject
		{9F396BE0-4AC7-4E0A-8906-4329D96F87E4} = {9F396BE0-4AC7-4E0A-8906-4329D96F87E4}
	EndProjectSection
EndProject
Global
	GlobalSection(SolutionConfigurationPlatforms) = preSolution
		Debug|Win32 = Debug|Win32
		Release|Win32 = Release|Win32
	EndGlobalSection
	GlobalSection(ProjectConfigurationPlatforms) = postSolution
		{9F396BE0-4AC7-4E0A-8906-4329D96F87E4}.Debug|Win32.ActiveCfg = Debug|Win32
		{9F396BE0-4AC7-4E0A-8906-4329D96F87E4}.Debug|Win32.Build.0 = Debug|Win32
		{9F396BE0-4AC7-4E0A-8906-4329D96F87E4}.Release|Win32.ActiveCfg = Release|Win32
		{9F396BE0-4AC7-4E0A-8906-4329D96F87E4}.Release|Win32.Build.0 = Release|Win32
		{EE114D09-4311-48E9-8A6F-582D65E6B2AD}.Debug|Win32.ActiveCfg = Debug|Win32
		{EE114D09-4311-48E9-8A6F-582D65E6B2AD}.Debug|Win32.Build.0 = Debug|Win32
		{EE114D09-4311-48E9-8A6F-582D65E6B2AD}.Release|Win32.ActiveCfg = Release|Win32
		{EE114D09-4311-48E9-8A6F-582D65E6B2AD}.Release|Win32.Build.0 = Release|Win32
		{58AD120B-A255-441B-B50C-BB2442A73AE8}.Debug|Win32.ActiveCfg = Debug|Win32
		{58AD120B-A255-441B-B50C-BB2442A73AE8}.Debug|Win32.Build.0 = Debug|Win32
		{58AD120B-A255-441B-B50C-BB2442A73AE8}.Release|Win32.ActiveCfg = Release|Win32
		{58AD120B-A255-441B-B50C-BB2442A73AE8}.Release|Win32.Build.0 = Release|Win32
		{36DC55FA-CFF3-45B1-A24B-5D767F97042E}.Debug|Win32.ActiveCfg = Debug|Win32
		{36DC55FA-CFF3-45B1-A24B-5D767F97042E}.Debug|Win32.Build.0 = Debug|Win32
		{36DC55FA-CFF3-45B1-A24B-5D767F97042E}.Release|Win32.ActiveCfg = Release|Win32
		{36DC55FA-CFF3-45B1-A24B-5D767F97042E}.Release|Win32.Build.0 = Release|Win32
		{7BCADE66-2E9C-48D2-81F1-CE068855DD8C}.Debug|Win32.ActiveCfg = Debug|Win32
		{7BCADE66-2E9C-48D2-81F1-CE068855DD8C}.Debug|Win32.Build.0 = Debug|Win32
		{7BCADE66-2E9C-48D2-81F1-CE068855DD8C}.Release|Win32.ActiveCfg = Release|Win32
		{7BCADE66-2E9C-48D2-81F1-CE068855DD8C}.Release|Win32.Build.0 = Release|Win32
		{1BB62F75-20DF-4B90-9149-0D535B387B2C}.Debug|Win32.ActiveCfg = Debug|Win32
		{1BB62F75-20DF-4B90-9149-0D535B387B2C}.Debug|Win32.Build.0 = Debug|Win32
		{1BB62F75-20DF-4B90-9149-0D535B387B2C}.Release|Win32.ActiveCfg = Release|Win32
		{1BB62F75-20DF-4B90-9149-0D535B387B2C}.Release|Win32.Build.0 = Release|Win32
		{FF41C269-499A-4C9A-80D3-C541882D8BE7}.Debug|Win32.ActiveCfg = Debug|Win32
		{FF41C269-499A-4C9A-80D3-C541882D8BE7}.Debug|Win32.Build.0 = Debug|Win32
		{FF41C269-499A-4C9A-80D3-C541882D8BE7}.Release|Win32.ActiveCfg = Release|Win32
		{FF41C269-499A-4C9A-80D3-C541882D8BE7}.Release|Win32.Build.0 = Release|Win32
		{0D2D5B45-33FA-4A80-81B3-DDE14354EA16}.Debug|Win32.ActiveCfg = Debug|Win32
		{0D2D5B45-33FA-4A80-81B3-DDE14354EA16}.Debug|Win32.Build.0 = Debug|Win32
		{0D2D5B45-33FA-4A80-81B3-DDE14354EA16}.Release|Win32.ActiveCfg = Release|Win32
		{0D2D5B45-33FA-4A80-81B3-DDE14354EA16}.Release|Win32.Build.0 = Release|Win32
	EndGlobalSection
	GlobalSection(SolutionProperties) = preSolution
		HideSolutionNode = FALSE
	EndGlobalSection
EndGlobal
